// !$*UTF8*$!
{
	archiveVersion = 1;
	classes = {
	};
	objectVersion = 50;
	objects = {

/* Begin PBXBuildFile section */
		B53B16C422AE2A67006EF6F8 /* AppDelegate.m in Sources */ = {isa = PBXBuildFile; fileRef = B53B16C322AE2A67006EF6F8 /* AppDelegate.m */; };
		B53B16CA22AE2A67006EF6F8 /* Main.storyboard in Resources */ = {isa = PBXBuildFile; fileRef = B53B16C822AE2A67006EF6F8 /* Main.storyboard */; };
		B53B16CC22AE2A69006EF6F8 /* Assets.xcassets in Resources */ = {isa = PBXBuildFile; fileRef = B53B16CB22AE2A69006EF6F8 /* Assets.xcassets */; };
		B53B16CF22AE2A69006EF6F8 /* LaunchScreen.storyboard in Resources */ = {isa = PBXBuildFile; fileRef = B53B16CD22AE2A69006EF6F8 /* LaunchScreen.storyboard */; };
		B53B16D222AE2A69006EF6F8 /* main.m in Sources */ = {isa = PBXBuildFile; fileRef = B53B16D122AE2A69006EF6F8 /* main.m */; };
		B53B16E222AE2B37006EF6F8 /* MainViewController.m in Sources */ = {isa = PBXBuildFile; fileRef = B53B16E122AE2B37006EF6F8 /* MainViewController.m */; };
		B53B16EA22AE2BB3006EF6F8 /* RootNavigationController.m in Sources */ = {isa = PBXBuildFile; fileRef = B53B16E522AE2BB3006EF6F8 /* RootNavigationController.m */; };
		B53B16EB22AE2BB3006EF6F8 /* RootViewController.m in Sources */ = {isa = PBXBuildFile; fileRef = B53B16E822AE2BB3006EF6F8 /* RootViewController.m */; };
		B53B16F922AE2DF0006EF6F8 /* TopicViewController.m in Sources */ = {isa = PBXBuildFile; fileRef = B53B16F822AE2DF0006EF6F8 /* TopicViewController.m */; };
		B53B170422AE32BA006EF6F8 /* QuizViewController.m in Sources */ = {isa = PBXBuildFile; fileRef = B53B170322AE32BA006EF6F8 /* QuizViewController.m */; };
		B53B170722AE3B40006EF6F8 /* ResultViewController.m in Sources */ = {isa = PBXBuildFile; fileRef = B53B170622AE3B40006EF6F8 /* ResultViewController.m */; };
		B53B170A22AE3DAD006EF6F8 /* ResultTableViewCell.m in Sources */ = {isa = PBXBuildFile; fileRef = B53B170922AE3DAD006EF6F8 /* ResultTableViewCell.m */; };
		B53B171022AE41EF006EF6F8 /* AnswerTableViewController.m in Sources */ = {isa = PBXBuildFile; fileRef = B53B170F22AE41EF006EF6F8 /* AnswerTableViewController.m */; };
/* End PBXBuildFile section */

/* Begin PBXFileReference section */
		B53B16BF22AE2A67006EF6F8 /* AllForExam.app */ = {isa = PBXFileReference; explicitFileType = wrapper.application; includeInIndex = 0; path = AllForExam.app; sourceTree = BUILT_PRODUCTS_DIR; };
		B53B16C222AE2A67006EF6F8 /* AppDelegate.h */ = {isa = PBXFileReference; lastKnownFileType = sourcecode.c.h; path = AppDelegate.h; sourceTree = "<group>"; };
		B53B16C322AE2A67006EF6F8 /* AppDelegate.m */ = {isa = PBXFileReference; lastKnownFileType = sourcecode.c.objc; path = AppDelegate.m; sourceTree = "<group>"; };
		B53B16C922AE2A67006EF6F8 /* Base */ = {isa = PBXFileReference; lastKnownFileType = file.storyboard; name = Base; path = Base.lproj/Main.storyboard; sourceTree = "<group>"; };
		B53B16CB22AE2A69006EF6F8 /* Assets.xcassets */ = {isa = PBXFileReference; lastKnownFileType = folder.assetcatalog; path = Assets.xcassets; sourceTree = "<group>"; };
		B53B16CE22AE2A69006EF6F8 /* Base */ = {isa = PBXFileReference; lastKnownFileType = file.storyboard; name = Base; path = Base.lproj/LaunchScreen.storyboard; sourceTree = "<group>"; };
		B53B16D022AE2A69006EF6F8 /* Info.plist */ = {isa = PBXFileReference; lastKnownFileType = text.plist.xml; path = Info.plist; sourceTree = "<group>"; };
		B53B16D122AE2A69006EF6F8 /* main.m */ = {isa = PBXFileReference; lastKnownFileType = sourcecode.c.objc; path = main.m; sourceTree = "<group>"; };
		B53B16E022AE2B37006EF6F8 /* MainViewController.h */ = {isa = PBXFileReference; lastKnownFileType = sourcecode.c.h; path = MainViewController.h; sourceTree = "<group>"; };
		B53B16E122AE2B37006EF6F8 /* MainViewController.m */ = {isa = PBXFileReference; lastKnownFileType = sourcecode.c.objc; path = MainViewController.m; sourceTree = "<group>"; };
		B53B16E522AE2BB3006EF6F8 /* RootNavigationController.m */ = {isa = PBXFileReference; fileEncoding = 4; lastKnownFileType = sourcecode.c.objc; path = RootNavigationController.m; sourceTree = "<group>"; };
		B53B16E622AE2BB3006EF6F8 /* RootNavigationController.h */ = {isa = PBXFileReference; fileEncoding = 4; lastKnownFileType = sourcecode.c.h; path = RootNavigationController.h; sourceTree = "<group>"; };
		B53B16E822AE2BB3006EF6F8 /* RootViewController.m */ = {isa = PBXFileReference; fileEncoding = 4; lastKnownFileType = sourcecode.c.objc; path = RootViewController.m; sourceTree = "<group>"; };
		B53B16E922AE2BB3006EF6F8 /* RootViewController.h */ = {isa = PBXFileReference; fileEncoding = 4; lastKnownFileType = sourcecode.c.h; path = RootViewController.h; sourceTree = "<group>"; };
		B53B16ED22AE2BBD006EF6F8 /* UtilsMacros.h */ = {isa = PBXFileReference; fileEncoding = 4; lastKnownFileType = sourcecode.c.h; path = UtilsMacros.h; sourceTree = "<group>"; };
		B53B16EE22AE2BBD006EF6F8 /* CommonMacros.h */ = {isa = PBXFileReference; fileEncoding = 4; lastKnownFileType = sourcecode.c.h; path = CommonMacros.h; sourceTree = "<group>"; };
		B53B16EF22AE2BBD006EF6F8 /* ThirdMacros.h */ = {isa = PBXFileReference; fileEncoding = 4; lastKnownFileType = sourcecode.c.h; path = ThirdMacros.h; sourceTree = "<group>"; };
		B53B16F022AE2BBD006EF6F8 /* FontAndColorMacros.h */ = {isa = PBXFileReference; fileEncoding = 4; lastKnownFileType = sourcecode.c.h; path = FontAndColorMacros.h; sourceTree = "<group>"; };
		B53B16F122AE2BBD006EF6F8 /* URLMacros.h */ = {isa = PBXFileReference; fileEncoding = 4; lastKnownFileType = sourcecode.c.h; path = URLMacros.h; sourceTree = "<group>"; };
		B53B16F222AE2C18006EF6F8 /* PrefixHeader.pch */ = {isa = PBXFileReference; fileEncoding = 4; lastKnownFileType = sourcecode.c.h; path = PrefixHeader.pch; sourceTree = "<group>"; };
		B53B16F722AE2DF0006EF6F8 /* TopicViewController.h */ = {isa = PBXFileReference; lastKnownFileType = sourcecode.c.h; path = TopicViewController.h; sourceTree = "<group>"; };
		B53B16F822AE2DF0006EF6F8 /* TopicViewController.m */ = {isa = PBXFileReference; lastKnownFileType = sourcecode.c.objc; path = TopicViewController.m; sourceTree = "<group>"; };
		B53B170222AE32BA006EF6F8 /* QuizViewController.h */ = {isa = PBXFileReference; lastKnownFileType = sourcecode.c.h; path = QuizViewController.h; sourceTree = "<group>"; };
		B53B170322AE32BA006EF6F8 /* QuizViewController.m */ = {isa = PBXFileReference; lastKnownFileType = sourcecode.c.objc; path = QuizViewController.m; sourceTree = "<group>"; };
		B53B170522AE3B40006EF6F8 /* ResultViewController.h */ = {isa = PBXFileReference; lastKnownFileType = sourcecode.c.h; path = ResultViewController.h; sourceTree = "<group>"; };
		B53B170622AE3B40006EF6F8 /* ResultViewController.m */ = {isa = PBXFileReference; lastKnownFileType = sourcecode.c.objc; path = ResultViewController.m; sourceTree = "<group>"; };
		B53B170822AE3DAD006EF6F8 /* ResultTableViewCell.h */ = {isa = PBXFileReference; lastKnownFileType = sourcecode.c.h; path = ResultTableViewCell.h; sourceTree = "<group>"; };
		B53B170922AE3DAD006EF6F8 /* ResultTableViewCell.m */ = {isa = PBXFileReference; lastKnownFileType = sourcecode.c.objc; path = ResultTableViewCell.m; sourceTree = "<group>"; };
		B53B170E22AE41EF006EF6F8 /* AnswerTableViewController.h */ = {isa = PBXFileReference; lastKnownFileType = sourcecode.c.h; path = AnswerTableViewController.h; sourceTree = "<group>"; };
		B53B170F22AE41EF006EF6F8 /* AnswerTableViewController.m */ = {isa = PBXFileReference; lastKnownFileType = sourcecode.c.objc; path = AnswerTableViewController.m; sourceTree = "<group>"; };
/* End PBXFileReference section */

/* Begin PBXFrameworksBuildPhase section */
		B53B16BC22AE2A67006EF6F8 /* Frameworks */ = {
			isa = PBXFrameworksBuildPhase;
			buildActionMask = 2147483647;
			files = (
			);
			runOnlyForDeploymentPostprocessing = 0;
		};
/* End PBXFrameworksBuildPhase section */

/* Begin PBXGroup section */
		B53B16B622AE2A67006EF6F8 = {
			isa = PBXGroup;
			children = (
				B53B16C122AE2A67006EF6F8 /* AllForExam */,
				B53B16C022AE2A67006EF6F8 /* Products */,
			);
			sourceTree = "<group>";
		};
		B53B16C022AE2A67006EF6F8 /* Products */ = {
			isa = PBXGroup;
			children = (
				B53B16BF22AE2A67006EF6F8 /* AllForExam.app */,
			);
			name = Products;
			sourceTree = "<group>";
		};
		B53B16C122AE2A67006EF6F8 /* AllForExam */ = {
			isa = PBXGroup;
			children = (
				B53B16E322AE2BB3006EF6F8 /* Base */,
				B53B16EC22AE2BBD006EF6F8 /* Define */,
				B53B16DB22AE2AAE006EF6F8 /* Modules */,
				B53B16D922AE2A92006EF6F8 /* AppDelegate */,
				B53B16D822AE2A89006EF6F8 /* Supporting Files */,
			);
			path = AllForExam;
			sourceTree = "<group>";
		};
		B53B16D822AE2A89006EF6F8 /* Supporting Files */ = {
			isa = PBXGroup;
			children = (
				B53B16F222AE2C18006EF6F8 /* PrefixHeader.pch */,
				B53B16CB22AE2A69006EF6F8 /* Assets.xcassets */,
				B53B16CD22AE2A69006EF6F8 /* LaunchScreen.storyboard */,
				B53B16D022AE2A69006EF6F8 /* Info.plist */,
				B53B16D122AE2A69006EF6F8 /* main.m */,
			);
			name = "Supporting Files";
			sourceTree = "<group>";
		};
		B53B16D922AE2A92006EF6F8 /* AppDelegate */ = {
			isa = PBXGroup;
			children = (
				B53B16C222AE2A67006EF6F8 /* AppDelegate.h */,
				B53B16C322AE2A67006EF6F8 /* AppDelegate.m */,
			);
			name = AppDelegate;
			sourceTree = "<group>";
		};
		B53B16DB22AE2AAE006EF6F8 /* Modules */ = {
			isa = PBXGroup;
			children = (
				B53B16FB22AE3287006EF6F8 /* answer(答案) */,
				B53B16FA22AE3264006EF6F8 /* quiz(小测验) */,
				B53B16F322AE2D7D006EF6F8 /* topic(主题) */,
				B53B16DC22AE2AC6006EF6F8 /* main(首页) */,
			);
			path = Modules;
			sourceTree = "<group>";
		};
		B53B16DC22AE2AC6006EF6F8 /* main(首页) */ = {
			isa = PBXGroup;
			children = (
				B53B16DE22AE2AEC006EF6F8 /* Model */,
				B53B16DF22AE2AF0006EF6F8 /* View */,
				B53B16DD22AE2AD2006EF6F8 /* Controller */,
			);
			path = "main(首页)";
			sourceTree = "<group>";
		};
		B53B16DD22AE2AD2006EF6F8 /* Controller */ = {
			isa = PBXGroup;
			children = (
				B53B16E022AE2B37006EF6F8 /* MainViewController.h */,
				B53B16E122AE2B37006EF6F8 /* MainViewController.m */,
			);
			path = Controller;
			sourceTree = "<group>";
		};
		B53B16DE22AE2AEC006EF6F8 /* Model */ = {
			isa = PBXGroup;
			children = (
			);
			path = Model;
			sourceTree = "<group>";
		};
		B53B16DF22AE2AF0006EF6F8 /* View */ = {
			isa = PBXGroup;
			children = (
				B53B16C822AE2A67006EF6F8 /* Main.storyboard */,
			);
			path = View;
			sourceTree = "<group>";
		};
		B53B16E322AE2BB3006EF6F8 /* Base */ = {
			isa = PBXGroup;
			children = (
				B53B16E422AE2BB3006EF6F8 /* NavigationController */,
				B53B16E722AE2BB3006EF6F8 /* RootViewController */,
			);
			path = Base;
			sourceTree = "<group>";
		};
		B53B16E422AE2BB3006EF6F8 /* NavigationController */ = {
			isa = PBXGroup;
			children = (
				B53B16E522AE2BB3006EF6F8 /* RootNavigationController.m */,
				B53B16E622AE2BB3006EF6F8 /* RootNavigationController.h */,
			);
			path = NavigationController;
			sourceTree = "<group>";
		};
		B53B16E722AE2BB3006EF6F8 /* RootViewController */ = {
			isa = PBXGroup;
			children = (
				B53B16E922AE2BB3006EF6F8 /* RootViewController.h */,
				B53B16E822AE2BB3006EF6F8 /* RootViewController.m */,
			);
			path = RootViewController;
			sourceTree = "<group>";
		};
		B53B16EC22AE2BBD006EF6F8 /* Define */ = {
			isa = PBXGroup;
			children = (
				B53B16ED22AE2BBD006EF6F8 /* UtilsMacros.h */,
				B53B16EE22AE2BBD006EF6F8 /* CommonMacros.h */,
				B53B16EF22AE2BBD006EF6F8 /* ThirdMacros.h */,
				B53B16F022AE2BBD006EF6F8 /* FontAndColorMacros.h */,
				B53B16F122AE2BBD006EF6F8 /* URLMacros.h */,
			);
			path = Define;
			sourceTree = "<group>";
		};
		B53B16F322AE2D7D006EF6F8 /* topic(主题) */ = {
			isa = PBXGroup;
			children = (
				B53B16F622AE2DA2006EF6F8 /* Model */,
				B53B16F522AE2D9E006EF6F8 /* View */,
				B53B16F422AE2D97006EF6F8 /* Controller */,
			);
			path = "topic(主题)";
			sourceTree = "<group>";
		};
		B53B16F422AE2D97006EF6F8 /* Controller */ = {
			isa = PBXGroup;
			children = (
				B53B16F722AE2DF0006EF6F8 /* TopicViewController.h */,
				B53B16F822AE2DF0006EF6F8 /* TopicViewController.m */,
			);
			path = Controller;
			sourceTree = "<group>";
		};
		B53B16F522AE2D9E006EF6F8 /* View */ = {
			isa = PBXGroup;
			children = (
			);
			path = View;
			sourceTree = "<group>";
		};
		B53B16F622AE2DA2006EF6F8 /* Model */ = {
			isa = PBXGroup;
			children = (
			);
			path = Model;
			sourceTree = "<group>";
		};
		B53B16FA22AE3264006EF6F8 /* quiz(小测验) */ = {
			isa = PBXGroup;
			children = (
				B53B16FE22AE329B006EF6F8 /* Model */,
				B53B16FD22AE3297006EF6F8 /* View */,
				B53B16FC22AE3292006EF6F8 /* Controller */,
			);
			path = "quiz(小测验)";
			sourceTree = "<group>";
		};
		B53B16FB22AE3287006EF6F8 /* answer(答案) */ = {
			isa = PBXGroup;
			children = (
				B53B170122AE32AA006EF6F8 /* Model */,
				B53B170022AE32A6006EF6F8 /* View */,
				B53B16FF22AE32A0006EF6F8 /* Controller */,
			);
			path = "answer(答案)";
			sourceTree = "<group>";
		};
		B53B16FC22AE3292006EF6F8 /* Controller */ = {
			isa = PBXGroup;
			children = (
				B53B170222AE32BA006EF6F8 /* QuizViewController.h */,
				B53B170322AE32BA006EF6F8 /* QuizViewController.m */,
				B53B170522AE3B40006EF6F8 /* ResultViewController.h */,
				B53B170622AE3B40006EF6F8 /* ResultViewController.m */,
			);
			path = Controller;
			sourceTree = "<group>";
		};
		B53B16FD22AE3297006EF6F8 /* View */ = {
			isa = PBXGroup;
			children = (
				B53B170822AE3DAD006EF6F8 /* ResultTableViewCell.h */,
				B53B170922AE3DAD006EF6F8 /* ResultTableViewCell.m */,
			);
			path = View;
			sourceTree = "<group>";
		};
		B53B16FE22AE329B006EF6F8 /* Model */ = {
			isa = PBXGroup;
			children = (
			);
			path = Model;
			sourceTree = "<group>";
		};
		B53B16FF22AE32A0006EF6F8 /* Controller */ = {
			isa = PBXGroup;
			children = (
				B53B170E22AE41EF006EF6F8 /* AnswerTableViewController.h */,
				B53B170F22AE41EF006EF6F8 /* AnswerTableViewController.m */,
			);
			path = Controller;
			sourceTree = "<group>";
		};
		B53B170022AE32A6006EF6F8 /* View */ = {
			isa = PBXGroup;
			children = (
			);
			path = View;
			sourceTree = "<group>";
		};
		B53B170122AE32AA006EF6F8 /* Model */ = {
			isa = PBXGroup;
			children = (
			);
			path = Model;
			sourceTree = "<group>";
		};
/* End PBXGroup section */

/* Begin PBXNativeTarget section */
		B53B16BE22AE2A67006EF6F8 /* AllForExam */ = {
			isa = PBXNativeTarget;
			buildConfigurationList = B53B16D522AE2A69006EF6F8 /* Build configuration list for PBXNativeTarget "AllForExam" */;
			buildPhases = (
				B53B16BB22AE2A67006EF6F8 /* Sources */,
				B53B16BC22AE2A67006EF6F8 /* Frameworks */,
				B53B16BD22AE2A67006EF6F8 /* Resources */,
			);
			buildRules = (
			);
			dependencies = (
			);
			name = AllForExam;
			productName = AllForExam;
			productReference = B53B16BF22AE2A67006EF6F8 /* AllForExam.app */;
			productType = "com.apple.product-type.application";
		};
/* End PBXNativeTarget section */

/* Begin PBXProject section */
		B53B16B722AE2A67006EF6F8 /* Project object */ = {
			isa = PBXProject;
			attributes = {
				LastUpgradeCheck = 1020;
				ORGANIZATIONNAME = Emma;
				TargetAttributes = {
					B53B16BE22AE2A67006EF6F8 = {
						CreatedOnToolsVersion = 10.2.1;
					};
				};
			};
			buildConfigurationList = B53B16BA22AE2A67006EF6F8 /* Build configuration list for PBXProject "AllForExam" */;
			compatibilityVersion = "Xcode 9.3";
			developmentRegion = en;
			hasScannedForEncodings = 0;
			knownRegions = (
				en,
				Base,
			);
			mainGroup = B53B16B622AE2A67006EF6F8;
			productRefGroup = B53B16C022AE2A67006EF6F8 /* Products */;
			projectDirPath = "";
			projectRoot = "";
			targets = (
				B53B16BE22AE2A67006EF6F8 /* AllForExam */,
			);
		};
/* End PBXProject section */

/* Begin PBXResourcesBuildPhase section */
		B53B16BD22AE2A67006EF6F8 /* Resources */ = {
			isa = PBXResourcesBuildPhase;
			buildActionMask = 2147483647;
			files = (
				B53B16CF22AE2A69006EF6F8 /* LaunchScreen.storyboard in Resources */,
				B53B16CC22AE2A69006EF6F8 /* Assets.xcassets in Resources */,
				B53B16CA22AE2A67006EF6F8 /* Main.storyboard in Resources */,
			);
			runOnlyForDeploymentPostprocessing = 0;
		};
/* End PBXResourcesBuildPhase section */

/* Begin PBXSourcesBuildPhase section */
		B53B16BB22AE2A67006EF6F8 /* Sources */ = {
			isa = PBXSourcesBuildPhase;
			buildActionMask = 2147483647;
			files = (
				B53B170A22AE3DAD006EF6F8 /* ResultTableViewCell.m in Sources */,
				B53B16D222AE2A69006EF6F8 /* main.m in Sources */,
				B53B16EA22AE2BB3006EF6F8 /* RootNavigationController.m in Sources */,
				B53B16F922AE2DF0006EF6F8 /* TopicViewController.m in Sources */,
				B53B170422AE32BA006EF6F8 /* QuizViewController.m in Sources */,
				B53B171022AE41EF006EF6F8 /* AnswerTableViewController.m in Sources */,
				B53B16E222AE2B37006EF6F8 /* MainViewController.m in Sources */,
				B53B16C422AE2A67006EF6F8 /* AppDelegate.m in Sources */,
				B53B16EB22AE2BB3006EF6F8 /* RootViewController.m in Sources */,
				B53B170722AE3B40006EF6F8 /* ResultViewController.m in Sources */,
			);
			runOnlyForDeploymentPostprocessing = 0;
		};
/* End PBXSourcesBuildPhase section */

/* Begin PBXVariantGroup section */
		B53B16C822AE2A67006EF6F8 /* Main.storyboard */ = {
			isa = PBXVariantGroup;
			children = (
				B53B16C922AE2A67006EF6F8 /* Base */,
			);
			name = Main.storyboard;
			sourceTree = "<group>";
		};
		B53B16CD22AE2A69006EF6F8 /* LaunchScreen.storyboard */ = {
			isa = PBXVariantGroup;
			children = (
				B53B16CE22AE2A69006EF6F8 /* Base */,
			);
			name = LaunchScreen.storyboard;
			sourceTree = "<group>";
		};
/* End PBXVariantGroup section */

/* Begin XCBuildConfiguration section */
		B53B16D322AE2A69006EF6F8 /* Debug */ = {
			isa = XCBuildConfiguration;
			buildSettings = {
				ALWAYS_SEARCH_USER_PATHS = NO;
				CLANG_ANALYZER_NONNULL = YES;
				CLANG_ANALYZER_NUMBER_OBJECT_CONVERSION = YES_AGGRESSIVE;
				CLANG_CXX_LANGUAGE_STANDARD = "gnu++14";
				CLANG_CXX_LIBRARY = "libc++";
				CLANG_ENABLE_MODULES = YES;
				CLANG_ENABLE_OBJC_ARC = YES;
				CLANG_ENABLE_OBJC_WEAK = YES;
				CLANG_WARN_BLOCK_CAPTURE_AUTORELEASING = YES;
				CLANG_WARN_BOOL_CONVERSION = YES;
				CLANG_WARN_COMMA = YES;
				CLANG_WARN_CONSTANT_CONVERSION = YES;
				CLANG_WARN_DEPRECATED_OBJC_IMPLEMENTATIONS = YES;
				CLANG_WARN_DIRECT_OBJC_ISA_USAGE = YES_ERROR;
				CLANG_WARN_DOCUMENTATION_COMMENTS = YES;
				CLANG_WARN_EMPTY_BODY = YES;
				CLANG_WARN_ENUM_CONVERSION = YES;
				CLANG_WARN_INFINITE_RECURSION = YES;
				CLANG_WARN_INT_CONVERSION = YES;
				CLANG_WARN_NON_LITERAL_NULL_CONVERSION = YES;
				CLANG_WARN_OBJC_IMPLICIT_RETAIN_SELF = YES;
				CLANG_WARN_OBJC_LITERAL_CONVERSION = YES;
				CLANG_WARN_OBJC_ROOT_CLASS = YES_ERROR;
				CLANG_WARN_RANGE_LOOP_ANALYSIS = YES;
				CLANG_WARN_STRICT_PROTOTYPES = YES;
				CLANG_WARN_SUSPICIOUS_MOVE = YES;
				CLANG_WARN_UNGUARDED_AVAILABILITY = YES_AGGRESSIVE;
				CLANG_WARN_UNREACHABLE_CODE = YES;
				CLANG_WARN__DUPLICATE_METHOD_MATCH = YES;
				CODE_SIGN_IDENTITY = "iPhone Developer";
				COPY_PHASE_STRIP = NO;
				DEBUG_INFORMATION_FORMAT = dwarf;
				ENABLE_STRICT_OBJC_MSGSEND = YES;
				ENABLE_TESTABILITY = YES;
				GCC_C_LANGUAGE_STANDARD = gnu11;
				GCC_DYNAMIC_NO_PIC = NO;
				GCC_NO_COMMON_BLOCKS = YES;
				GCC_OPTIMIZATION_LEVEL = 0;
				GCC_PREPROCESSOR_DEFINITIONS = (
					"DEBUG=1",
					"$(inherited)",
				);
				GCC_WARN_64_TO_32_BIT_CONVERSION = YES;
				GCC_WARN_ABOUT_RETURN_TYPE = YES_ERROR;
				GCC_WARN_UNDECLARED_SELECTOR = YES;
				GCC_WARN_UNINITIALIZED_AUTOS = YES_AGGRESSIVE;
				GCC_WARN_UNUSED_FUNCTION = YES;
				GCC_WARN_UNUSED_VARIABLE = YES;
				IPHONEOS_DEPLOYMENT_TARGET = 12.2;
				MTL_ENABLE_DEBUG_INFO = INCLUDE_SOURCE;
				MTL_FAST_MATH = YES;
				ONLY_ACTIVE_ARCH = YES;
				SDKROOT = iphoneos;
			};
			name = Debug;
		};
		B53B16D422AE2A69006EF6F8 /* Release */ = {
			isa = XCBuildConfiguration;
			buildSettings = {
				ALWAYS_SEARCH_USER_PATHS = NO;
				CLANG_ANALYZER_NONNULL = YES;
				CLANG_ANALYZER_NUMBER_OBJECT_CONVERSION = YES_AGGRESSIVE;
				CLANG_CXX_LANGUAGE_STANDARD = "gnu++14";
				CLANG_CXX_LIBRARY = "libc++";
				CLANG_ENABLE_MODULES = YES;
				CLANG_ENABLE_OBJC_ARC = YES;
				CLANG_ENABLE_OBJC_WEAK = YES;
				CLANG_WARN_BLOCK_CAPTURE_AUTORELEASING = YES;
				CLANG_WARN_BOOL_CONVERSION = YES;
				CLANG_WARN_COMMA = YES;
				CLANG_WARN_CONSTANT_CONVERSION = YES;
				CLANG_WARN_DEPRECATED_OBJC_IMPLEMENTATIONS = YES;
				CLANG_WARN_DIRECT_OBJC_ISA_USAGE = YES_ERROR;
				CLANG_WARN_DOCUMENTATION_COMMENTS = YES;
				CLANG_WARN_EMPTY_BODY = YES;
				CLANG_WARN_ENUM_CONVERSION = YES;
				CLANG_WARN_INFINITE_RECURSION = YES;
				CLANG_WARN_INT_CONVERSION = YES;
				CLANG_WARN_NON_LITERAL_NULL_CONVERSION = YES;
				CLANG_WARN_OBJC_IMPLICIT_RETAIN_SELF = YES;
				CLANG_WARN_OBJC_LITERAL_CONVERSION = YES;
				CLANG_WARN_OBJC_ROOT_CLASS = YES_ERROR;
				CLANG_WARN_RANGE_LOOP_ANALYSIS = YES;
				CLANG_WARN_STRICT_PROTOTYPES = YES;
				CLANG_WARN_SUSPICIOUS_MOVE = YES;
				CLANG_WARN_UNGUARDED_AVAILABILITY = YES_AGGRESSIVE;
				CLANG_WARN_UNREACHABLE_CODE = YES;
				CLANG_WARN__DUPLICATE_METHOD_MATCH = YES;
				CODE_SIGN_IDENTITY = "iPhone Developer";
				COPY_PHASE_STRIP = NO;
				DEBUG_INFORMATION_FORMAT = "dwarf-with-dsym";
				ENABLE_NS_ASSERTIONS = NO;
				ENABLE_STRICT_OBJC_MSGSEND = YES;
				GCC_C_LANGUAGE_STANDARD = gnu11;
				GCC_NO_COMMON_BLOCKS = YES;
				GCC_WARN_64_TO_32_BIT_CONVERSION = YES;
				GCC_WARN_ABOUT_RETURN_TYPE = YES_ERROR;
				GCC_WARN_UNDECLARED_SELECTOR = YES;
				GCC_WARN_UNINITIALIZED_AUTOS = YES_AGGRESSIVE;
				GCC_WARN_UNUSED_FUNCTION = YES;
				GCC_WARN_UNUSED_VARIABLE = YES;
				IPHONEOS_DEPLOYMENT_TARGET = 12.2;
				MTL_ENABLE_DEBUG_INFO = NO;
				MTL_FAST_MATH = YES;
				SDKROOT = iphoneos;
				VALIDATE_PRODUCT = YES;
			};
			name = Release;
		};
		B53B16D622AE2A69006EF6F8 /* Debug */ = {
			isa = XCBuildConfiguration;
			buildSettings = {
				ASSETCATALOG_COMPILER_APPICON_NAME = AppIcon;
				CODE_SIGN_STYLE = Automatic;
				DEVELOPMENT_TEAM = FQFPSFXV9V;
				GCC_PREFIX_HEADER = "$(SRCROOT)/AllForExam/PrefixHeader.pch";
				INFOPLIST_FILE = AllForExam/Info.plist;
				LD_RUNPATH_SEARCH_PATHS = (
					"$(inherited)",
					"@executable_path/Frameworks",
				);
				PRODUCT_BUNDLE_IDENTIFIER = com.csike.AllForExam;
				PRODUCT_NAME = "$(TARGET_NAME)";
				TARGETED_DEVICE_FAMILY = "1,2";
			};
			name = Debug;
		};
		B53B16D722AE2A69006EF6F8 /* Release */ = {
			isa = XCBuildConfiguration;
			buildSettings = {
				ASSETCATALOG_COMPILER_APPICON_NAME = AppIcon;
				CODE_SIGN_STYLE = Automatic;
				DEVELOPMENT_TEAM = FQFPSFXV9V;
				GCC_PREFIX_HEADER = "$(SRCROOT)/AllForExam/PrefixHeader.pch";
				INFOPLIST_FILE = AllForExam/Info.plist;
				LD_RUNPATH_SEARCH_PATHS = (
					"$(inherited)",
					"@executable_path/Frameworks",
				);
				PRODUCT_BUNDLE_IDENTIFIER = com.csike.AllForExam;
				PRODUCT_NAME = "$(TARGET_NAME)";
				TARGETED_DEVICE_FAMILY = "1,2";
			};
			name = Release;
		};
/* End XCBuildConfiguration section */

/* Begin XCConfigurationList section */
		B53B16BA22AE2A67006EF6F8 /* Build configuration list for PBXProject "AllForExam" */ = {
			isa = XCConfigurationList;
			buildConfigurations = (
				B53B16D322AE2A69006EF6F8 /* Debug */,
				B53B16D422AE2A69006EF6F8 /* Release */,
			);
			defaultConfigurationIsVisible = 0;
			defaultConfigurationName = Release;
		};
		B53B16D522AE2A69006EF6F8 /* Build configuration list for PBXNativeTarget "AllForExam" */ = {
			isa = XCConfigurationList;
			buildConfigurations = (
				B53B16D622AE2A69006EF6F8 /* Debug */,
				B53B16D722AE2A69006EF6F8 /* Release */,
			);
			defaultConfigurationIsVisible = 0;
			defaultConfigurationName = Release;
		};
/* End XCConfigurationList section */
	};
	rootObject = B53B16B722AE2A67006EF6F8 /* Project object */;
}
